PODS:
  - AFNetworking (3.1.0):
    - AFNetworking/NSURLSession (= 3.1.0)
    - AFNetworking/Reachability (= 3.1.0)
    - AFNetworking/Security (= 3.1.0)
    - AFNetworking/Serialization (= 3.1.0)
    - AFNetworking/UIKit (= 3.1.0)
  - AFNetworking/NSURLSession (3.1.0):
    - AFNetworking/Reachability
    - AFNetworking/Security
    - AFNetworking/Serialization
  - AFNetworking/Reachability (3.1.0)
  - AFNetworking/Security (3.1.0)
  - AFNetworking/Serialization (3.1.0)
  - AFNetworking/UIKit (3.1.0):
    - AFNetworking/NSURLSession
  - BAWKWebView (1.0.8)
  - FMDB (2.7.2):
    - FMDB/standard (= 2.7.2)
  - FMDB/standard (2.7.2)
  - IQKeyboardManager (5.0.8)
  - JTCalendar (2.2.2)
  - Masonry (1.0.2)
  - MBProgressHUD (1.0.0)
  - MJRefresh (3.1.15.3)
  - SDCycleScrollView (1.75):
    - SDWebImage (>= 4.0.0)
  - SDWebImage (4.0.0):
    - SDWebImage/Core (= 4.0.0)
  - SDWebImage/Core (4.0.0)
  - WMPageController (2.3.0)
  - YTKKeyValueStore (0.1.2):
    - FMDB (~> 2.0)
  - YYModel (1.0.4)

DEPENDENCIES:
  - AFNetworking (~> 3.1.0)
  - BAWKWebView
  - FMDB (~> 2.7.2)
  - IQKeyboardManager (~> 5.0.8)
  - JTCalendar (~> 2.2.2)
  - Masonry (~> 1.0.2)
  - MBProgressHUD (~> 1.0.0)
  - MJRefresh (~> 3.1.15.3)
  - SDCycleScrollView (~> 1.75)
  - SDWebImage (~> 4.0.0)
  - WMPageController (~> 2.3.0)
  - YTKKeyValueStore
  - YYModel (~> 1.0.4)

SPEC CHECKSUMS:
  AFNetworking: 5e0e199f73d8626b11e79750991f5d173d1f8b67
  BAWKWebView: 63bb0ef2b3b653a3d9ded58d9c1061003f1af827
  FMDB: 6198a90e7b6900cfc046e6bc0ef6ebb7be9236aa
  IQKeyboardManager: 266cb7b1d11f94a3e71229d77f960f9a1b538e5b
  JTCalendar: 20610270b29b309bab398f06fc9e2f1aed67a22c
  Masonry: 7c429b56da9d4ee0bbb3ed77a5ea710d6a5df39e
  MBProgressHUD: 4890f671c94e8a0f3cf959aa731e9de2f036d71a
  MJRefresh: b48380ae2b927b46c4ef000de9adb8dc748e1df7
  SDCycleScrollView: 884b88f0266dd4708a0e1934975c69cb971707b1
  SDWebImage: 76a6348bdc74eb5a55dd08a091ef298e56b55e41
  WMPageController: 9f219bb8912a1a1f51af11fde61e2682a7b7e7f2
  YTKKeyValueStore: 4d002941540dd5108fa23009b71e0f2f937f7a0f
  YYModel: 2a7fdd96aaa4b86a824e26d0c517de8928c04b30

PODFILE CHECKSUM: 85349c3879bb8e1a84dc2e72cf56c45e990f7793

COCOAPODS: 1.2.0
